
Microsoft Visual Studio Solution File, Format Version 12.00
# Visual Studio Version 16
VisualStudioVersion = 16.0.30804.86
MinimumVisualStudioVersion = 10.0.40219.1
Project("{9A19103F-16F7-4668-BE54-9A1E7A4F7556}") = "RevisionWebV2", "RevisionWebV2.csproj", "{7A0FA542-B1AA-410B-9065-83DD3FEFFC22}"
EndProject
Global
	GlobalSection(SolutionConfigurationPlatforms) = preSolution
		Debug|Any CPU = Debug|Any CPU
		Release|Any CPU = Release|Any CPU
	EndGlobalSection
	GlobalSection(ProjectConfigurationPlatforms) = postSolution
		{7A0FA542-B1AA-410B-9065-83DD3FEFFC22}.Debug|Any CPU.ActiveCfg = Debug|Any CPU
		{7A0FA542-B1AA-410B-9065-83DD3FEFFC22}.Debug|Any CPU.Build.0 = Debug|Any CPU
		{7A0FA542-B1AA-410B-9065-83DD3FEFFC22}.Release|Any CPU.ActiveCfg = Release|Any CPU
		{7A0FA542-B1AA-410B-9065-83DD3FEFFC22}.Release|Any CPU.Build.0 = Release|Any CPU
	EndGlobalSection
	GlobalSection(SolutionProperties) = preSolution
		HideSolutionNode = FALSE
	EndGlobalSection
	GlobalSection(ExtensibilityGlobals) = postSolution
		SolutionGuid = {5041BD9C-B914-47AA-B00D-91965799C41F}
	EndGlobalSection
EndGlobal
